// !$*UTF8*$!
{
	archiveVersion = 1;
	classes = {
	};
	objectVersion = 56;
	objects = {

/* Begin PBXBuildFile section */
		BC8A868F2995B56C0033BF49 /* RecognizedBarcode.swift in Sources */ = {isa = PBXBuildFile; fileRef = BC8A868E2995B56C0033BF49 /* RecognizedBarcode.swift */; };
		BC8ADF54298C729C00F8C84E /* OtakuSakuruApp.swift in Sources */ = {isa = PBXBuildFile; fileRef = BC8ADF53298C729C00F8C84E /* OtakuSakuruApp.swift */; };
		BC8ADF56298C729C00F8C84E /* ContentView.swift in Sources */ = {isa = PBXBuildFile; fileRef = BC8ADF55298C729C00F8C84E /* ContentView.swift */; };
		BC8ADF58298C729C00F8C84E /* Assets.xcassets in Resources */ = {isa = PBXBuildFile; fileRef = BC8ADF57298C729C00F8C84E /* Assets.xcassets */; };
		BC8ADF5B298C729C00F8C84E /* Preview Assets.xcassets in Resources */ = {isa = PBXBuildFile; fileRef = BC8ADF5A298C729C00F8C84E /* Preview Assets.xcassets */; };
		BC8EC4CF2992D3F8009366D9 /* ScanViewModel.swift in Sources */ = {isa = PBXBuildFile; fileRef = BC8EC4CE2992D3F8009366D9 /* ScanViewModel.swift */; };
		BC8EC4F72992F62F009366D9 /* ScanView.swift in Sources */ = {isa = PBXBuildFile; fileRef = BC8EC4F62992F62F009366D9 /* ScanView.swift */; };
		BC8EC4FD299432BD009366D9 /* FrameVisionView.swift in Sources */ = {isa = PBXBuildFile; fileRef = BC8EC4FC299432BD009366D9 /* FrameVisionView.swift */; };
		BC8EC501299437C4009366D9 /* LogoWithHalo.swift in Sources */ = {isa = PBXBuildFile; fileRef = BC8EC500299437C4009366D9 /* LogoWithHalo.swift */; };
		BC8EC50529943E02009366D9 /* CameraManager.swift in Sources */ = {isa = PBXBuildFile; fileRef = BC8EC50429943E02009366D9 /* CameraManager.swift */; };
		BCB3B1FF2997A58200585FC7 /* Mangaka.swift in Sources */ = {isa = PBXBuildFile; fileRef = BCB3B1FE2997A58200585FC7 /* Mangaka.swift */; };
		BCB3B2012997CAF000585FC7 /* Publisher.swift in Sources */ = {isa = PBXBuildFile; fileRef = BCB3B2002997CAF000585FC7 /* Publisher.swift */; };
		BCB3B2032997CF1B00585FC7 /* MockURLProtocol.swift in Sources */ = {isa = PBXBuildFile; fileRef = BCB3B2022997CF1B00585FC7 /* MockURLProtocol.swift */; };
		BCB3B2062997D0C900585FC7 /* FirebaseAnalyticsSwift in Frameworks */ = {isa = PBXBuildFile; productRef = BCB3B2052997D0C900585FC7 /* FirebaseAnalyticsSwift */; };
		BCB3B2082997D0D300585FC7 /* FirebaseAuth in Frameworks */ = {isa = PBXBuildFile; productRef = BCB3B2072997D0D300585FC7 /* FirebaseAuth */; };
		BCB3B20A2997D25800585FC7 /* FirebaseAppCheck in Frameworks */ = {isa = PBXBuildFile; productRef = BCB3B2092997D25800585FC7 /* FirebaseAppCheck */; };
		BCB3B20C2997D26C00585FC7 /* FirebaseStorage in Frameworks */ = {isa = PBXBuildFile; productRef = BCB3B20B2997D26C00585FC7 /* FirebaseStorage */; };
		BCB3B20E2997D2B100585FC7 /* FirebaseDatabase in Frameworks */ = {isa = PBXBuildFile; productRef = BCB3B20D2997D2B100585FC7 /* FirebaseDatabase */; };
		BCB3B2152997DA2900585FC7 /* Collection.swift in Sources */ = {isa = PBXBuildFile; fileRef = BCB3B2142997DA2900585FC7 /* Collection.swift */; };
		BCB3B2172997DFA000585FC7 /* CollectionCell.swift in Sources */ = {isa = PBXBuildFile; fileRef = BCB3B2162997DFA000585FC7 /* CollectionCell.swift */; };
		BCBEAF08298E7547008EE3FA /* GoogleService-Info.plist in Resources */ = {isa = PBXBuildFile; fileRef = BCBEAF07298E7547008EE3FA /* GoogleService-Info.plist */; };
		BCBEAF0B298E7BF2008EE3FA /* FirebaseAnalytics in Frameworks */ = {isa = PBXBuildFile; productRef = BCBEAF0A298E7BF2008EE3FA /* FirebaseAnalytics */; };
		BCBEAF0D298E7BF2008EE3FA /* FirebaseAnalyticsSwift in Frameworks */ = {isa = PBXBuildFile; productRef = BCBEAF0C298E7BF2008EE3FA /* FirebaseAnalyticsSwift */; };
		BCBEAF0F298E7BF2008EE3FA /* FirebaseAuth in Frameworks */ = {isa = PBXBuildFile; productRef = BCBEAF0E298E7BF2008EE3FA /* FirebaseAuth */; };
		BCBEAF11298E7BF2008EE3FA /* FirebaseAuthCombine-Community in Frameworks */ = {isa = PBXBuildFile; productRef = BCBEAF10298E7BF2008EE3FA /* FirebaseAuthCombine-Community */; };
		BCBEAF13298E7BF2008EE3FA /* FirebaseCrashlytics in Frameworks */ = {isa = PBXBuildFile; productRef = BCBEAF12298E7BF2008EE3FA /* FirebaseCrashlytics */; };
		BCBEAF15298E7BF2008EE3FA /* FirebaseDatabase in Frameworks */ = {isa = PBXBuildFile; productRef = BCBEAF14298E7BF2008EE3FA /* FirebaseDatabase */; };
		BCBEAF17298E7BF2008EE3FA /* FirebaseDatabaseSwift in Frameworks */ = {isa = PBXBuildFile; productRef = BCBEAF16298E7BF2008EE3FA /* FirebaseDatabaseSwift */; };
		BCBEAF19298E7BF2008EE3FA /* FirebaseFirestore in Frameworks */ = {isa = PBXBuildFile; productRef = BCBEAF18298E7BF2008EE3FA /* FirebaseFirestore */; };
		BCBEAF1B298E7BF2008EE3FA /* FirebaseFirestoreCombine-Community in Frameworks */ = {isa = PBXBuildFile; productRef = BCBEAF1A298E7BF2008EE3FA /* FirebaseFirestoreCombine-Community */; };
		BCBEAF1D298E7BF2008EE3FA /* FirebaseFirestoreSwift in Frameworks */ = {isa = PBXBuildFile; productRef = BCBEAF1C298E7BF2008EE3FA /* FirebaseFirestoreSwift */; };
		BCBEAF1F298E7BF2008EE3FA /* FirebaseStorage in Frameworks */ = {isa = PBXBuildFile; productRef = BCBEAF1E298E7BF2008EE3FA /* FirebaseStorage */; };
		BCBEAF21298E7BF2008EE3FA /* FirebaseStorageCombine-Community in Frameworks */ = {isa = PBXBuildFile; productRef = BCBEAF20298E7BF2008EE3FA /* FirebaseStorageCombine-Community */; };
		BCBEAF23298F14D9008EE3FA /* Color+Extensions.swift in Sources */ = {isa = PBXBuildFile; fileRef = BCBEAF22298F14D9008EE3FA /* Color+Extensions.swift */; };
		BCBEAF2C298F16A0008EE3FA /* OtakuSakuruTests.swift in Sources */ = {isa = PBXBuildFile; fileRef = BCBEAF2B298F16A0008EE3FA /* OtakuSakuruTests.swift */; };
		BCBEAF33298F266E008EE3FA /* MangaDetailView.swift in Sources */ = {isa = PBXBuildFile; fileRef = BCBEAF32298F266E008EE3FA /* MangaDetailView.swift */; };
		BCBEAF35298F2BF3008EE3FA /* Manga.swift in Sources */ = {isa = PBXBuildFile; fileRef = BCBEAF34298F2BF3008EE3FA /* Manga.swift */; };
		BCBEAF38298FCCEB008EE3FA /* User.swift in Sources */ = {isa = PBXBuildFile; fileRef = BCBEAF37298FCCEB008EE3FA /* User.swift */; };
		BCBEAF3A298FD32A008EE3FA /* Book.swift in Sources */ = {isa = PBXBuildFile; fileRef = BCBEAF39298FD329008EE3FA /* Book.swift */; };
		BCBEAF3C298FFF40008EE3FA /* LaunchView.swift in Sources */ = {isa = PBXBuildFile; fileRef = BCBEAF3B298FFF40008EE3FA /* LaunchView.swift */; };
		BCBEAF4029901225008EE3FA /* MangaImageParallaxEffect.swift in Sources */ = {isa = PBXBuildFile; fileRef = BCBEAF3F29901225008EE3FA /* MangaImageParallaxEffect.swift */; };
		BCBEAF4329902C70008EE3FA /* CircleImageOfAuthorInGrayscale.swift in Sources */ = {isa = PBXBuildFile; fileRef = BCBEAF4229902C70008EE3FA /* CircleImageOfAuthorInGrayscale.swift */; };
/* End PBXBuildFile section */

/* Begin PBXContainerItemProxy section */
		BCBEAF2D298F16A0008EE3FA /* PBXContainerItemProxy */ = {
			isa = PBXContainerItemProxy;
			containerPortal = BC8ADF48298C729B00F8C84E /* Project object */;
			proxyType = 1;
			remoteGlobalIDString = BC8ADF4F298C729B00F8C84E;
			remoteInfo = OtakuSakuru;
		};
/* End PBXContainerItemProxy section */

/* Begin PBXFileReference section */
		BC8A868E2995B56C0033BF49 /* RecognizedBarcode.swift */ = {isa = PBXFileReference; lastKnownFileType = sourcecode.swift; path = RecognizedBarcode.swift; sourceTree = "<group>"; };
		BC8ADF50298C729B00F8C84E /* OtakuSakuru.app */ = {isa = PBXFileReference; explicitFileType = wrapper.application; includeInIndex = 0; path = OtakuSakuru.app; sourceTree = BUILT_PRODUCTS_DIR; };
		BC8ADF53298C729C00F8C84E /* OtakuSakuruApp.swift */ = {isa = PBXFileReference; lastKnownFileType = sourcecode.swift; path = OtakuSakuruApp.swift; sourceTree = "<group>"; };
		BC8ADF55298C729C00F8C84E /* ContentView.swift */ = {isa = PBXFileReference; lastKnownFileType = sourcecode.swift; path = ContentView.swift; sourceTree = "<group>"; };
		BC8ADF57298C729C00F8C84E /* Assets.xcassets */ = {isa = PBXFileReference; lastKnownFileType = folder.assetcatalog; path = Assets.xcassets; sourceTree = "<group>"; };
		BC8ADF5A298C729C00F8C84E /* Preview Assets.xcassets */ = {isa = PBXFileReference; lastKnownFileType = folder.assetcatalog; path = "Preview Assets.xcassets"; sourceTree = "<group>"; };
		BC8EC4CE2992D3F8009366D9 /* ScanViewModel.swift */ = {isa = PBXFileReference; lastKnownFileType = sourcecode.swift; path = ScanViewModel.swift; sourceTree = "<group>"; };
		BC8EC4F62992F62F009366D9 /* ScanView.swift */ = {isa = PBXFileReference; lastKnownFileType = sourcecode.swift; path = ScanView.swift; sourceTree = "<group>"; };
		BC8EC4FC299432BD009366D9 /* FrameVisionView.swift */ = {isa = PBXFileReference; lastKnownFileType = sourcecode.swift; path = FrameVisionView.swift; sourceTree = "<group>"; };
		BC8EC500299437C4009366D9 /* LogoWithHalo.swift */ = {isa = PBXFileReference; lastKnownFileType = sourcecode.swift; path = LogoWithHalo.swift; sourceTree = "<group>"; };
		BC8EC50429943E02009366D9 /* CameraManager.swift */ = {isa = PBXFileReference; lastKnownFileType = sourcecode.swift; path = CameraManager.swift; sourceTree = "<group>"; };
		BCB3B1FE2997A58200585FC7 /* Mangaka.swift */ = {isa = PBXFileReference; lastKnownFileType = sourcecode.swift; path = Mangaka.swift; sourceTree = "<group>"; };
		BCB3B2002997CAF000585FC7 /* Publisher.swift */ = {isa = PBXFileReference; lastKnownFileType = sourcecode.swift; path = Publisher.swift; sourceTree = "<group>"; };
		BCB3B2022997CF1B00585FC7 /* MockURLProtocol.swift */ = {isa = PBXFileReference; lastKnownFileType = sourcecode.swift; path = MockURLProtocol.swift; sourceTree = "<group>"; };
		BCB3B2142997DA2900585FC7 /* Collection.swift */ = {isa = PBXFileReference; lastKnownFileType = sourcecode.swift; path = Collection.swift; sourceTree = "<group>"; };
		BCB3B2162997DFA000585FC7 /* CollectionCell.swift */ = {isa = PBXFileReference; lastKnownFileType = sourcecode.swift; path = CollectionCell.swift; sourceTree = "<group>"; };
		BCBEAF07298E7547008EE3FA /* GoogleService-Info.plist */ = {isa = PBXFileReference; fileEncoding = 4; lastKnownFileType = text.plist.xml; path = "GoogleService-Info.plist"; sourceTree = "<group>"; };
		BCBEAF22298F14D9008EE3FA /* Color+Extensions.swift */ = {isa = PBXFileReference; lastKnownFileType = sourcecode.swift; path = "Color+Extensions.swift"; sourceTree = "<group>"; };
		BCBEAF29298F16A0008EE3FA /* OtakuSakuruTests.xctest */ = {isa = PBXFileReference; explicitFileType = wrapper.cfbundle; includeInIndex = 0; path = OtakuSakuruTests.xctest; sourceTree = BUILT_PRODUCTS_DIR; };
		BCBEAF2B298F16A0008EE3FA /* OtakuSakuruTests.swift */ = {isa = PBXFileReference; lastKnownFileType = sourcecode.swift; path = OtakuSakuruTests.swift; sourceTree = "<group>"; };
		BCBEAF32298F266E008EE3FA /* MangaDetailView.swift */ = {isa = PBXFileReference; lastKnownFileType = sourcecode.swift; path = MangaDetailView.swift; sourceTree = "<group>"; };
		BCBEAF34298F2BF3008EE3FA /* Manga.swift */ = {isa = PBXFileReference; lastKnownFileType = sourcecode.swift; path = Manga.swift; sourceTree = "<group>"; };
		BCBEAF37298FCCEB008EE3FA /* User.swift */ = {isa = PBXFileReference; lastKnownFileType = sourcecode.swift; path = User.swift; sourceTree = "<group>"; };
		BCBEAF39298FD329008EE3FA /* Book.swift */ = {isa = PBXFileReference; lastKnownFileType = sourcecode.swift; path = Book.swift; sourceTree = "<group>"; };
		BCBEAF3B298FFF40008EE3FA /* LaunchView.swift */ = {isa = PBXFileReference; lastKnownFileType = sourcecode.swift; path = LaunchView.swift; sourceTree = "<group>"; };
		BCBEAF3F29901225008EE3FA /* MangaImageParallaxEffect.swift */ = {isa = PBXFileReference; lastKnownFileType = sourcecode.swift; path = MangaImageParallaxEffect.swift; sourceTree = "<group>"; };
		BCBEAF4229902C70008EE3FA /* CircleImageOfAuthorInGrayscale.swift */ = {isa = PBXFileReference; lastKnownFileType = sourcecode.swift; path = CircleImageOfAuthorInGrayscale.swift; sourceTree = "<group>"; };
/* End PBXFileReference section */

/* Begin PBXFrameworksBuildPhase section */
		BC8ADF4D298C729B00F8C84E /* Frameworks */ = {
			isa = PBXFrameworksBuildPhase;
			buildActionMask = 2147483647;
			files = (
				BCBEAF17298E7BF2008EE3FA /* FirebaseDatabaseSwift in Frameworks */,
				BCBEAF15298E7BF2008EE3FA /* FirebaseDatabase in Frameworks */,
				BCBEAF0D298E7BF2008EE3FA /* FirebaseAnalyticsSwift in Frameworks */,
				BCBEAF1B298E7BF2008EE3FA /* FirebaseFirestoreCombine-Community in Frameworks */,
				BCBEAF0F298E7BF2008EE3FA /* FirebaseAuth in Frameworks */,
				BCBEAF1D298E7BF2008EE3FA /* FirebaseFirestoreSwift in Frameworks */,
				BCBEAF13298E7BF2008EE3FA /* FirebaseCrashlytics in Frameworks */,
				BCBEAF19298E7BF2008EE3FA /* FirebaseFirestore in Frameworks */,
				BCBEAF1F298E7BF2008EE3FA /* FirebaseStorage in Frameworks */,
				BCBEAF0B298E7BF2008EE3FA /* FirebaseAnalytics in Frameworks */,
				BCBEAF21298E7BF2008EE3FA /* FirebaseStorageCombine-Community in Frameworks */,
				BCBEAF11298E7BF2008EE3FA /* FirebaseAuthCombine-Community in Frameworks */,
			);
			runOnlyForDeploymentPostprocessing = 0;
		};
		BCBEAF26298F16A0008EE3FA /* Frameworks */ = {
			isa = PBXFrameworksBuildPhase;
			buildActionMask = 2147483647;
			files = (
				BCB3B20E2997D2B100585FC7 /* FirebaseDatabase in Frameworks */,
				BCB3B2062997D0C900585FC7 /* FirebaseAnalyticsSwift in Frameworks */,
				BCB3B20C2997D26C00585FC7 /* FirebaseStorage in Frameworks */,
				BCB3B20A2997D25800585FC7 /* FirebaseAppCheck in Frameworks */,
				BCB3B2082997D0D300585FC7 /* FirebaseAuth in Frameworks */,
			);
			runOnlyForDeploymentPostprocessing = 0;
		};
/* End PBXFrameworksBuildPhase section */

/* Begin PBXGroup section */
		BC8ADF47298C729B00F8C84E = {
			isa = PBXGroup;
			children = (
				BC8ADF52298C729B00F8C84E /* OtakuSakuru */,
				BCBEAF2A298F16A0008EE3FA /* OtakuSakuruTests */,
				BC8ADF51298C729B00F8C84E /* Products */,
				BCB3B2042997D0C900585FC7 /* Frameworks */,
			);
			sourceTree = "<group>";
		};
		BC8ADF51298C729B00F8C84E /* Products */ = {
			isa = PBXGroup;
			children = (
				BC8ADF50298C729B00F8C84E /* OtakuSakuru.app */,
				BCBEAF29298F16A0008EE3FA /* OtakuSakuruTests.xctest */,
			);
			name = Products;
			sourceTree = "<group>";
		};
		BC8ADF52298C729B00F8C84E /* OtakuSakuru */ = {
			isa = PBXGroup;
			children = (
				BC8ADF53298C729C00F8C84E /* OtakuSakuruApp.swift */,
				BCBEAF36298F2BFC008EE3FA /* Model */,
				BCB3B2112997D98300585FC7 /* Collection */,
				BCBEAF3D298FFF4F008EE3FA /* Views */,
				BCBEAF4129901C84008EE3FA /* ViewModel */,
				BC8ADF57298C729C00F8C84E /* Assets.xcassets */,
				BC8ADF59298C729C00F8C84E /* Preview Content */,
				BCBEAF06298E74F4008EE3FA /* Secrets */,
			);
			path = OtakuSakuru;
			sourceTree = "<group>";
		};
		BC8ADF59298C729C00F8C84E /* Preview Content */ = {
			isa = PBXGroup;
			children = (
				BC8ADF5A298C729C00F8C84E /* Preview Assets.xcassets */,
			);
			path = "Preview Content";
			sourceTree = "<group>";
		};
		BC8EC4F52992F60A009366D9 /* ScanPage */ = {
			isa = PBXGroup;
			children = (
				BC8EC50329943DAE009366D9 /* ViewsModel */,
				BC8EC4FE299432DE009366D9 /* Views */,
			);
			path = ScanPage;
			sourceTree = "<group>";
		};
		BC8EC4FE299432DE009366D9 /* Views */ = {
			isa = PBXGroup;
			children = (
				BC8EC4F62992F62F009366D9 /* ScanView.swift */,
				BC8EC4FC299432BD009366D9 /* FrameVisionView.swift */,
			);
			path = Views;
			sourceTree = "<group>";
		};
		BC8EC4FF29943792009366D9 /* LaunchView */ = {
			isa = PBXGroup;
			children = (
				BC8EC502299437CD009366D9 /* Views */,
			);
			path = LaunchView;
			sourceTree = "<group>";
		};
		BC8EC502299437CD009366D9 /* Views */ = {
			isa = PBXGroup;
			children = (
				BCBEAF3B298FFF40008EE3FA /* LaunchView.swift */,
				BC8EC500299437C4009366D9 /* LogoWithHalo.swift */,
			);
			path = Views;
			sourceTree = "<group>";
		};
		BC8EC50329943DAE009366D9 /* ViewsModel */ = {
			isa = PBXGroup;
			children = (
				BC8EC50429943E02009366D9 /* CameraManager.swift */,
				BC8A868E2995B56C0033BF49 /* RecognizedBarcode.swift */,
			);
			path = ViewsModel;
			sourceTree = "<group>";
		};
		BCB3B2042997D0C900585FC7 /* Frameworks */ = {
			isa = PBXGroup;
			children = (
			);
			name = Frameworks;
			sourceTree = "<group>";
		};
		BCB3B2112997D98300585FC7 /* Collection */ = {
			isa = PBXGroup;
			children = (
				BCB3B2122997D9CA00585FC7 /* Views */,
				BCB3B2132997D9D400585FC7 /* ViewModels */,
			);
			path = Collection;
			sourceTree = "<group>";
		};
		BCB3B2122997D9CA00585FC7 /* Views */ = {
			isa = PBXGroup;
			children = (
				BCB3B2142997DA2900585FC7 /* Collection.swift */,
				BCB3B2162997DFA000585FC7 /* CollectionCell.swift */,
			);
			path = Views;
			sourceTree = "<group>";
		};
		BCB3B2132997D9D400585FC7 /* ViewModels */ = {
			isa = PBXGroup;
			children = (
			);
			path = ViewModels;
			sourceTree = "<group>";
		};
		BCBEAF06298E74F4008EE3FA /* Secrets */ = {
			isa = PBXGroup;
			children = (
				BCBEAF07298E7547008EE3FA /* GoogleService-Info.plist */,
			);
			path = Secrets;
			sourceTree = "<group>";
		};
		BCBEAF2A298F16A0008EE3FA /* OtakuSakuruTests */ = {
			isa = PBXGroup;
			children = (
				BCB3B2022997CF1B00585FC7 /* MockURLProtocol.swift */,
				BCBEAF2B298F16A0008EE3FA /* OtakuSakuruTests.swift */,
			);
			path = OtakuSakuruTests;
			sourceTree = "<group>";
		};
		BCBEAF36298F2BFC008EE3FA /* Model */ = {
			isa = PBXGroup;
			children = (
				BCBEAF37298FCCEB008EE3FA /* User.swift */,
				BCBEAF34298F2BF3008EE3FA /* Manga.swift */,
				BCBEAF39298FD329008EE3FA /* Book.swift */,
				BCB3B1FE2997A58200585FC7 /* Mangaka.swift */,
				BCB3B2002997CAF000585FC7 /* Publisher.swift */,
				BCBEAF22298F14D9008EE3FA /* Color+Extensions.swift */,
			);
			path = Model;
			sourceTree = "<group>";
		};
		BCBEAF3D298FFF4F008EE3FA /* Views */ = {
			isa = PBXGroup;
			children = (
				BC8EC4FF29943792009366D9 /* LaunchView */,
				BC8ADF55298C729C00F8C84E /* ContentView.swift */,
				BCFBDEB62991C7AE00EE5742 /* NewsPage */,
				BCBEAF3E29900F37008EE3FA /* MangaPage */,
				BC8EC4F52992F60A009366D9 /* ScanPage */,
			);
			path = Views;
			sourceTree = "<group>";
		};
		BCBEAF3E29900F37008EE3FA /* MangaPage */ = {
			isa = PBXGroup;
			children = (
				BCBEAF32298F266E008EE3FA /* MangaDetailView.swift */,
				BCBEAF4229902C70008EE3FA /* CircleImageOfAuthorInGrayscale.swift */,
				BCBEAF3F29901225008EE3FA /* MangaImageParallaxEffect.swift */,
			);
			path = MangaPage;
			sourceTree = "<group>";
		};
		BCBEAF4129901C84008EE3FA /* ViewModel */ = {
			isa = PBXGroup;
			children = (
				BC8EC4CE2992D3F8009366D9 /* ScanViewModel.swift */,
			);
			path = ViewModel;
			sourceTree = "<group>";
		};
		BCFBDEB62991C7AE00EE5742 /* NewsPage */ = {
			isa = PBXGroup;
			children = (
			);
			path = NewsPage;
			sourceTree = "<group>";
		};
/* End PBXGroup section */

/* Begin PBXNativeTarget section */
		BC8ADF4F298C729B00F8C84E /* OtakuSakuru */ = {
			isa = PBXNativeTarget;
			buildConfigurationList = BC8ADF5E298C729C00F8C84E /* Build configuration list for PBXNativeTarget "OtakuSakuru" */;
			buildPhases = (
				BC8ADF4C298C729B00F8C84E /* Sources */,
				BC8ADF4D298C729B00F8C84E /* Frameworks */,
				BC8ADF4E298C729B00F8C84E /* Resources */,
			);
			buildRules = (
			);
			dependencies = (
			);
			name = OtakuSakuru;
			packageProductDependencies = (
				BCBEAF0A298E7BF2008EE3FA /* FirebaseAnalytics */,
				BCBEAF0C298E7BF2008EE3FA /* FirebaseAnalyticsSwift */,
				BCBEAF0E298E7BF2008EE3FA /* FirebaseAuth */,
				BCBEAF10298E7BF2008EE3FA /* FirebaseAuthCombine-Community */,
				BCBEAF12298E7BF2008EE3FA /* FirebaseCrashlytics */,
				BCBEAF14298E7BF2008EE3FA /* FirebaseDatabase */,
				BCBEAF16298E7BF2008EE3FA /* FirebaseDatabaseSwift */,
				BCBEAF18298E7BF2008EE3FA /* FirebaseFirestore */,
				BCBEAF1A298E7BF2008EE3FA /* FirebaseFirestoreCombine-Community */,
				BCBEAF1C298E7BF2008EE3FA /* FirebaseFirestoreSwift */,
				BCBEAF1E298E7BF2008EE3FA /* FirebaseStorage */,
				BCBEAF20298E7BF2008EE3FA /* FirebaseStorageCombine-Community */,
			);
			productName = OtakuSakuru;
			productReference = BC8ADF50298C729B00F8C84E /* OtakuSakuru.app */;
			productType = "com.apple.product-type.application";
		};
		BCBEAF28298F16A0008EE3FA /* OtakuSakuruTests */ = {
			isa = PBXNativeTarget;
			buildConfigurationList = BCBEAF2F298F16A0008EE3FA /* Build configuration list for PBXNativeTarget "OtakuSakuruTests" */;
			buildPhases = (
				BCBEAF25298F16A0008EE3FA /* Sources */,
				BCBEAF26298F16A0008EE3FA /* Frameworks */,
				BCBEAF27298F16A0008EE3FA /* Resources */,
			);
			buildRules = (
			);
			dependencies = (
				BCBEAF2E298F16A0008EE3FA /* PBXTargetDependency */,
			);
			name = OtakuSakuruTests;
			packageProductDependencies = (
				BCB3B2052997D0C900585FC7 /* FirebaseAnalyticsSwift */,
				BCB3B2072997D0D300585FC7 /* FirebaseAuth */,
				BCB3B2092997D25800585FC7 /* FirebaseAppCheck */,
				BCB3B20B2997D26C00585FC7 /* FirebaseStorage */,
				BCB3B20D2997D2B100585FC7 /* FirebaseDatabase */,
			);
			productName = OtakuSakuruTests;
			productReference = BCBEAF29298F16A0008EE3FA /* OtakuSakuruTests.xctest */;
			productType = "com.apple.product-type.bundle.unit-test";
		};
/* End PBXNativeTarget section */

/* Begin PBXProject section */
		BC8ADF48298C729B00F8C84E /* Project object */ = {
			isa = PBXProject;
			attributes = {
				BuildIndependentTargetsInParallel = 1;
				LastSwiftUpdateCheck = 1410;
				LastUpgradeCheck = 1410;
				TargetAttributes = {
					BC8ADF4F298C729B00F8C84E = {
						CreatedOnToolsVersion = 14.1;
					};
					BCBEAF28298F16A0008EE3FA = {
						CreatedOnToolsVersion = 14.1;
						TestTargetID = BC8ADF4F298C729B00F8C84E;
					};
				};
			};
			buildConfigurationList = BC8ADF4B298C729B00F8C84E /* Build configuration list for PBXProject "OtakuSakuru" */;
			compatibilityVersion = "Xcode 14.0";
			developmentRegion = en;
			hasScannedForEncodings = 0;
			knownRegions = (
				en,
				Base,
			);
			mainGroup = BC8ADF47298C729B00F8C84E;
			packageReferences = (
				BCBEAF09298E7BF2008EE3FA /* XCRemoteSwiftPackageReference "firebase-ios-sdk" */,
			);
			productRefGroup = BC8ADF51298C729B00F8C84E /* Products */;
			projectDirPath = "";
			projectRoot = "";
			targets = (
				BC8ADF4F298C729B00F8C84E /* OtakuSakuru */,
				BCBEAF28298F16A0008EE3FA /* OtakuSakuruTests */,
			);
		};
/* End PBXProject section */

/* Begin PBXResourcesBuildPhase section */
		BC8ADF4E298C729B00F8C84E /* Resources */ = {
			isa = PBXResourcesBuildPhase;
			buildActionMask = 2147483647;
			files = (
				BC8ADF5B298C729C00F8C84E /* Preview Assets.xcassets in Resources */,
				BC8ADF58298C729C00F8C84E /* Assets.xcassets in Resources */,
				BCBEAF08298E7547008EE3FA /* GoogleService-Info.plist in Resources */,
			);
			runOnlyForDeploymentPostprocessing = 0;
		};
		BCBEAF27298F16A0008EE3FA /* Resources */ = {
			isa = PBXResourcesBuildPhase;
			buildActionMask = 2147483647;
			files = (
			);
			runOnlyForDeploymentPostprocessing = 0;
		};
/* End PBXResourcesBuildPhase section */

/* Begin PBXSourcesBuildPhase section */
		BC8ADF4C298C729B00F8C84E /* Sources */ = {
			isa = PBXSourcesBuildPhase;
			buildActionMask = 2147483647;
			files = (
				BCB3B2012997CAF000585FC7 /* Publisher.swift in Sources */,
				BCB3B1FF2997A58200585FC7 /* Mangaka.swift in Sources */,
				BC8ADF56298C729C00F8C84E /* ContentView.swift in Sources */,
				BCBEAF4029901225008EE3FA /* MangaImageParallaxEffect.swift in Sources */,
				BCBEAF4329902C70008EE3FA /* CircleImageOfAuthorInGrayscale.swift in Sources */,
				BC8EC4CF2992D3F8009366D9 /* ScanViewModel.swift in Sources */,
				BC8EC4FD299432BD009366D9 /* FrameVisionView.swift in Sources */,
				BCB3B2152997DA2900585FC7 /* Collection.swift in Sources */,
				BCBEAF3C298FFF40008EE3FA /* LaunchView.swift in Sources */,
				BC8EC501299437C4009366D9 /* LogoWithHalo.swift in Sources */,
				BC8EC4F72992F62F009366D9 /* ScanView.swift in Sources */,
				BC8ADF54298C729C00F8C84E /* OtakuSakuruApp.swift in Sources */,
				BCBEAF3A298FD32A008EE3FA /* Book.swift in Sources */,
				BCBEAF38298FCCEB008EE3FA /* User.swift in Sources */,
				BCBEAF35298F2BF3008EE3FA /* Manga.swift in Sources */,
				BC8A868F2995B56C0033BF49 /* RecognizedBarcode.swift in Sources */,
				BCBEAF33298F266E008EE3FA /* MangaDetailView.swift in Sources */,
				BCBEAF23298F14D9008EE3FA /* Color+Extensions.swift in Sources */,
				BC8EC50529943E02009366D9 /* CameraManager.swift in Sources */,
				BCB3B2172997DFA000585FC7 /* CollectionCell.swift in Sources */,
			);
			runOnlyForDeploymentPostprocessing = 0;
		};
		BCBEAF25298F16A0008EE3FA /* Sources */ = {
			isa = PBXSourcesBuildPhase;
			buildActionMask = 2147483647;
			files = (
				BCBEAF2C298F16A0008EE3FA /* OtakuSakuruTests.swift in Sources */,
				BCB3B2032997CF1B00585FC7 /* MockURLProtocol.swift in Sources */,
			);
			runOnlyForDeploymentPostprocessing = 0;
		};
/* End PBXSourcesBuildPhase section */

/* Begin PBXTargetDependency section */
		BCBEAF2E298F16A0008EE3FA /* PBXTargetDependency */ = {
			isa = PBXTargetDependency;
			target = BC8ADF4F298C729B00F8C84E /* OtakuSakuru */;
			targetProxy = BCBEAF2D298F16A0008EE3FA /* PBXContainerItemProxy */;
		};
/* End PBXTargetDependency section */

/* Begin XCBuildConfiguration section */
		BC8ADF5C298C729C00F8C84E /* Debug */ = {
			isa = XCBuildConfiguration;
			buildSettings = {
				ALWAYS_SEARCH_USER_PATHS = NO;
				CLANG_ANALYZER_NONNULL = YES;
				CLANG_ANALYZER_NUMBER_OBJECT_CONVERSION = YES_AGGRESSIVE;
				CLANG_CXX_LANGUAGE_STANDARD = "gnu++20";
				CLANG_ENABLE_MODULES = YES;
				CLANG_ENABLE_OBJC_ARC = YES;
				CLANG_ENABLE_OBJC_WEAK = YES;
				CLANG_WARN_BLOCK_CAPTURE_AUTORELEASING = YES;
				CLANG_WARN_BOOL_CONVERSION = YES;
				CLANG_WARN_COMMA = YES;
				CLANG_WARN_CONSTANT_CONVERSION = YES;
				CLANG_WARN_DEPRECATED_OBJC_IMPLEMENTATIONS = YES;
				CLANG_WARN_DIRECT_OBJC_ISA_USAGE = YES_ERROR;
				CLANG_WARN_DOCUMENTATION_COMMENTS = YES;
				CLANG_WARN_EMPTY_BODY = YES;
				CLANG_WARN_ENUM_CONVERSION = YES;
				CLANG_WARN_INFINITE_RECURSION = YES;
				CLANG_WARN_INT_CONVERSION = YES;
				CLANG_WARN_NON_LITERAL_NULL_CONVERSION = YES;
				CLANG_WARN_OBJC_IMPLICIT_RETAIN_SELF = YES;
				CLANG_WARN_OBJC_LITERAL_CONVERSION = YES;
				CLANG_WARN_OBJC_ROOT_CLASS = YES_ERROR;
				CLANG_WARN_QUOTED_INCLUDE_IN_FRAMEWORK_HEADER = YES;
				CLANG_WARN_RANGE_LOOP_ANALYSIS = YES;
				CLANG_WARN_STRICT_PROTOTYPES = YES;
				CLANG_WARN_SUSPICIOUS_MOVE = YES;
				CLANG_WARN_UNGUARDED_AVAILABILITY = YES_AGGRESSIVE;
				CLANG_WARN_UNREACHABLE_CODE = YES;
				CLANG_WARN__DUPLICATE_METHOD_MATCH = YES;
				COPY_PHASE_STRIP = NO;
				DEBUG_INFORMATION_FORMAT = dwarf;
				ENABLE_STRICT_OBJC_MSGSEND = YES;
				ENABLE_TESTABILITY = YES;
				GCC_C_LANGUAGE_STANDARD = gnu11;
				GCC_DYNAMIC_NO_PIC = NO;
				GCC_NO_COMMON_BLOCKS = YES;
				GCC_OPTIMIZATION_LEVEL = 0;
				GCC_PREPROCESSOR_DEFINITIONS = (
					"DEBUG=1",
					"$(inherited)",
				);
				GCC_WARN_64_TO_32_BIT_CONVERSION = YES;
				GCC_WARN_ABOUT_RETURN_TYPE = YES_ERROR;
				GCC_WARN_UNDECLARED_SELECTOR = YES;
				GCC_WARN_UNINITIALIZED_AUTOS = YES_AGGRESSIVE;
				GCC_WARN_UNUSED_FUNCTION = YES;
				GCC_WARN_UNUSED_VARIABLE = YES;
				IPHONEOS_DEPLOYMENT_TARGET = 16.1;
				MTL_ENABLE_DEBUG_INFO = INCLUDE_SOURCE;
				MTL_FAST_MATH = YES;
				ONLY_ACTIVE_ARCH = YES;
				SDKROOT = iphoneos;
				SWIFT_ACTIVE_COMPILATION_CONDITIONS = DEBUG;
				SWIFT_OPTIMIZATION_LEVEL = "-Onone";
			};
			name = Debug;
		};
		BC8ADF5D298C729C00F8C84E /* Release */ = {
			isa = XCBuildConfiguration;
			buildSettings = {
				ALWAYS_SEARCH_USER_PATHS = NO;
				CLANG_ANALYZER_NONNULL = YES;
				CLANG_ANALYZER_NUMBER_OBJECT_CONVERSION = YES_AGGRESSIVE;
				CLANG_CXX_LANGUAGE_STANDARD = "gnu++20";
				CLANG_ENABLE_MODULES = YES;
				CLANG_ENABLE_OBJC_ARC = YES;
				CLANG_ENABLE_OBJC_WEAK = YES;
				CLANG_WARN_BLOCK_CAPTURE_AUTORELEASING = YES;
				CLANG_WARN_BOOL_CONVERSION = YES;
				CLANG_WARN_COMMA = YES;
				CLANG_WARN_CONSTANT_CONVERSION = YES;
				CLANG_WARN_DEPRECATED_OBJC_IMPLEMENTATIONS = YES;
				CLANG_WARN_DIRECT_OBJC_ISA_USAGE = YES_ERROR;
				CLANG_WARN_DOCUMENTATION_COMMENTS = YES;
				CLANG_WARN_EMPTY_BODY = YES;
				CLANG_WARN_ENUM_CONVERSION = YES;
				CLANG_WARN_INFINITE_RECURSION = YES;
				CLANG_WARN_INT_CONVERSION = YES;
				CLANG_WARN_NON_LITERAL_NULL_CONVERSION = YES;
				CLANG_WARN_OBJC_IMPLICIT_RETAIN_SELF = YES;
				CLANG_WARN_OBJC_LITERAL_CONVERSION = YES;
				CLANG_WARN_OBJC_ROOT_CLASS = YES_ERROR;
				CLANG_WARN_QUOTED_INCLUDE_IN_FRAMEWORK_HEADER = YES;
				CLANG_WARN_RANGE_LOOP_ANALYSIS = YES;
				CLANG_WARN_STRICT_PROTOTYPES = YES;
				CLANG_WARN_SUSPICIOUS_MOVE = YES;
				CLANG_WARN_UNGUARDED_AVAILABILITY = YES_AGGRESSIVE;
				CLANG_WARN_UNREACHABLE_CODE = YES;
				CLANG_WARN__DUPLICATE_METHOD_MATCH = YES;
				COPY_PHASE_STRIP = NO;
				DEBUG_INFORMATION_FORMAT = "dwarf-with-dsym";
				ENABLE_NS_ASSERTIONS = NO;
				ENABLE_STRICT_OBJC_MSGSEND = YES;
				GCC_C_LANGUAGE_STANDARD = gnu11;
				GCC_NO_COMMON_BLOCKS = YES;
				GCC_WARN_64_TO_32_BIT_CONVERSION = YES;
				GCC_WARN_ABOUT_RETURN_TYPE = YES_ERROR;
				GCC_WARN_UNDECLARED_SELECTOR = YES;
				GCC_WARN_UNINITIALIZED_AUTOS = YES_AGGRESSIVE;
				GCC_WARN_UNUSED_FUNCTION = YES;
				GCC_WARN_UNUSED_VARIABLE = YES;
				IPHONEOS_DEPLOYMENT_TARGET = 16.1;
				MTL_ENABLE_DEBUG_INFO = NO;
				MTL_FAST_MATH = YES;
				SDKROOT = iphoneos;
				SWIFT_COMPILATION_MODE = wholemodule;
				SWIFT_OPTIMIZATION_LEVEL = "-O";
				VALIDATE_PRODUCT = YES;
			};
			name = Release;
		};
		BC8ADF5F298C729C00F8C84E /* Debug */ = {
			isa = XCBuildConfiguration;
			buildSettings = {
				ASSETCATALOG_COMPILER_APPICON_NAME = AppIcon;
				ASSETCATALOG_COMPILER_GLOBAL_ACCENT_COLOR_NAME = AccentColor;
				CODE_SIGN_STYLE = Automatic;
				CURRENT_PROJECT_VERSION = 1;
				DEVELOPMENT_ASSET_PATHS = "\"OtakuSakuru/Preview Content\"";
				DEVELOPMENT_TEAM = 9MRD2CZ6V7;
				ENABLE_PREVIEWS = YES;
				GENERATE_INFOPLIST_FILE = YES;
				INFOPLIST_FILE = OtakuSakuru/Info.plist;
				INFOPLIST_KEY_LSApplicationCategoryType = "public.app-category.entertainment";
				INFOPLIST_KEY_NSCameraUsageDescription = "The app uses the camera to scan the barcode";
				INFOPLIST_KEY_UIApplicationSceneManifest_Generation = YES;
				INFOPLIST_KEY_UIApplicationSupportsIndirectInputEvents = YES;
				INFOPLIST_KEY_UISupportedInterfaceOrientations_iPad = "UIInterfaceOrientationPortrait UIInterfaceOrientationPortraitUpsideDown UIInterfaceOrientationLandscapeLeft UIInterfaceOrientationLandscapeRight";
				INFOPLIST_KEY_UISupportedInterfaceOrientations_iPhone = "UIInterfaceOrientationPortrait UIInterfaceOrientationLandscapeLeft UIInterfaceOrientationLandscapeRight";
				LD_RUNPATH_SEARCH_PATHS = (
					"$(inherited)",
					"@executable_path/Frameworks",
				);
				MARKETING_VERSION = 1.0;
				PRODUCT_BUNDLE_IDENTIFIER = fr.gregDeveaux.OtakuSakuru;
				PRODUCT_NAME = "$(TARGET_NAME)";
				SWIFT_EMIT_LOC_STRINGS = YES;
				SWIFT_VERSION = 5.0;
				TARGETED_DEVICE_FAMILY = "1,2";
			};
			name = Debug;
		};
		BC8ADF60298C729C00F8C84E /* Release */ = {
			isa = XCBuildConfiguration;
			buildSettings = {
				ASSETCATALOG_COMPILER_APPICON_NAME = AppIcon;
				ASSETCATALOG_COMPILER_GLOBAL_ACCENT_COLOR_NAME = AccentColor;
				CODE_SIGN_STYLE = Automatic;
				CURRENT_PROJECT_VERSION = 1;
				DEVELOPMENT_ASSET_PATHS = "\"OtakuSakuru/Preview Content\"";
				DEVELOPMENT_TEAM = 9MRD2CZ6V7;
				ENABLE_PREVIEWS = YES;
				GENERATE_INFOPLIST_FILE = YES;
				INFOPLIST_FILE = OtakuSakuru/Info.plist;
				INFOPLIST_KEY_LSApplicationCategoryType = "public.app-category.entertainment";
				INFOPLIST_KEY_NSCameraUsageDescription = "The app uses the camera to scan the barcode";
				INFOPLIST_KEY_UIApplicationSceneManifest_Generation = YES;
				INFOPLIST_KEY_UIApplicationSupportsIndirectInputEvents = YES;
				INFOPLIST_KEY_UISupportedInterfaceOrientations_iPad = "UIInterfaceOrientationPortrait UIInterfaceOrientationPortraitUpsideDown UIInterfaceOrientationLandscapeLeft UIInterfaceOrientationLandscapeRight";
				INFOPLIST_KEY_UISupportedInterfaceOrientations_iPhone = "UIInterfaceOrientationPortrait UIInterfaceOrientationLandscapeLeft UIInterfaceOrientationLandscapeRight";
				LD_RUNPATH_SEARCH_PATHS = (
					"$(inherited)",
					"@executable_path/Frameworks",
				);
				MARKETING_VERSION = 1.0;
				PRODUCT_BUNDLE_IDENTIFIER = fr.gregDeveaux.OtakuSakuru;
				PRODUCT_NAME = "$(TARGET_NAME)";
				SWIFT_EMIT_LOC_STRINGS = YES;
				SWIFT_VERSION = 5.0;
				TARGETED_DEVICE_FAMILY = "1,2";
			};
			name = Release;
		};
		BCBEAF30298F16A0008EE3FA /* Debug */ = {
			isa = XCBuildConfiguration;
			buildSettings = {
				BUNDLE_LOADER = "$(TEST_HOST)";
				CODE_SIGN_STYLE = Automatic;
				CURRENT_PROJECT_VERSION = 1;
				DEVELOPMENT_TEAM = 9MRD2CZ6V7;
				GENERATE_INFOPLIST_FILE = YES;
				MARKETING_VERSION = 1.0;
				PRODUCT_BUNDLE_IDENTIFIER = fr.gregDeveaux.OtakuSakuruTests;
				PRODUCT_NAME = "$(TARGET_NAME)";
				SWIFT_EMIT_LOC_STRINGS = NO;
				SWIFT_VERSION = 5.0;
				TARGETED_DEVICE_FAMILY = "1,2";
				TEST_HOST = "$(BUILT_PRODUCTS_DIR)/OtakuSakuru.app/$(BUNDLE_EXECUTABLE_FOLDER_PATH)/OtakuSakuru";
			};
			name = Debug;
		};
		BCBEAF31298F16A0008EE3FA /* Release */ = {
			isa = XCBuildConfiguration;
			buildSettings = {
				BUNDLE_LOADER = "$(TEST_HOST)";
				CODE_SIGN_STYLE = Automatic;
				CURRENT_PROJECT_VERSION = 1;
				DEVELOPMENT_TEAM = 9MRD2CZ6V7;
				GENERATE_INFOPLIST_FILE = YES;
				MARKETING_VERSION = 1.0;
				PRODUCT_BUNDLE_IDENTIFIER = fr.gregDeveaux.OtakuSakuruTests;
				PRODUCT_NAME = "$(TARGET_NAME)";
				SWIFT_EMIT_LOC_STRINGS = NO;
				SWIFT_VERSION = 5.0;
				TARGETED_DEVICE_FAMILY = "1,2";
				TEST_HOST = "$(BUILT_PRODUCTS_DIR)/OtakuSakuru.app/$(BUNDLE_EXECUTABLE_FOLDER_PATH)/OtakuSakuru";
			};
			name = Release;
		};
/* End XCBuildConfiguration section */

/* Begin XCConfigurationList section */
		BC8ADF4B298C729B00F8C84E /* Build configuration list for PBXProject "OtakuSakuru" */ = {
			isa = XCConfigurationList;
			buildConfigurations = (
				BC8ADF5C298C729C00F8C84E /* Debug */,
				BC8ADF5D298C729C00F8C84E /* Release */,
			);
			defaultConfigurationIsVisible = 0;
			defaultConfigurationName = Release;
		};
		BC8ADF5E298C729C00F8C84E /* Build configuration list for PBXNativeTarget "OtakuSakuru" */ = {
			isa = XCConfigurationList;
			buildConfigurations = (
				BC8ADF5F298C729C00F8C84E /* Debug */,
				BC8ADF60298C729C00F8C84E /* Release */,
			);
			defaultConfigurationIsVisible = 0;
			defaultConfigurationName = Release;
		};
		BCBEAF2F298F16A0008EE3FA /* Build configuration list for PBXNativeTarget "OtakuSakuruTests" */ = {
			isa = XCConfigurationList;
			buildConfigurations = (
				BCBEAF30298F16A0008EE3FA /* Debug */,
				BCBEAF31298F16A0008EE3FA /* Release */,
			);
			defaultConfigurationIsVisible = 0;
			defaultConfigurationName = Release;
		};
/* End XCConfigurationList section */

/* Begin XCRemoteSwiftPackageReference section */
		BCBEAF09298E7BF2008EE3FA /* XCRemoteSwiftPackageReference "firebase-ios-sdk" */ = {
			isa = XCRemoteSwiftPackageReference;
			repositoryURL = "https://github.com/firebase/firebase-ios-sdk.git";
			requirement = {
				kind = upToNextMajorVersion;
				minimumVersion = 9.0.0;
			};
		};
/* End XCRemoteSwiftPackageReference section */

/* Begin XCSwiftPackageProductDependency section */
		BCB3B2052997D0C900585FC7 /* FirebaseAnalyticsSwift */ = {
			isa = XCSwiftPackageProductDependency;
			package = BCBEAF09298E7BF2008EE3FA /* XCRemoteSwiftPackageReference "firebase-ios-sdk" */;
			productName = FirebaseAnalyticsSwift;
		};
		BCB3B2072997D0D300585FC7 /* FirebaseAuth */ = {
			isa = XCSwiftPackageProductDependency;
			package = BCBEAF09298E7BF2008EE3FA /* XCRemoteSwiftPackageReference "firebase-ios-sdk" */;
			productName = FirebaseAuth;
		};
		BCB3B2092997D25800585FC7 /* FirebaseAppCheck */ = {
			isa = XCSwiftPackageProductDependency;
			package = BCBEAF09298E7BF2008EE3FA /* XCRemoteSwiftPackageReference "firebase-ios-sdk" */;
			productName = FirebaseAppCheck;
		};
		BCB3B20B2997D26C00585FC7 /* FirebaseStorage */ = {
			isa = XCSwiftPackageProductDependency;
			package = BCBEAF09298E7BF2008EE3FA /* XCRemoteSwiftPackageReference "firebase-ios-sdk" */;
			productName = FirebaseStorage;
		};
		BCB3B20D2997D2B100585FC7 /* FirebaseDatabase */ = {
			isa = XCSwiftPackageProductDependency;
			package = BCBEAF09298E7BF2008EE3FA /* XCRemoteSwiftPackageReference "firebase-ios-sdk" */;
			productName = FirebaseDatabase;
		};
		BCBEAF0A298E7BF2008EE3FA /* FirebaseAnalytics */ = {
			isa = XCSwiftPackageProductDependency;
			package = BCBEAF09298E7BF2008EE3FA /* XCRemoteSwiftPackageReference "firebase-ios-sdk" */;
			productName = FirebaseAnalytics;
		};
		BCBEAF0C298E7BF2008EE3FA /* FirebaseAnalyticsSwift */ = {
			isa = XCSwiftPackageProductDependency;
			package = BCBEAF09298E7BF2008EE3FA /* XCRemoteSwiftPackageReference "firebase-ios-sdk" */;
			productName = FirebaseAnalyticsSwift;
		};
		BCBEAF0E298E7BF2008EE3FA /* FirebaseAuth */ = {
			isa = XCSwiftPackageProductDependency;
			package = BCBEAF09298E7BF2008EE3FA /* XCRemoteSwiftPackageReference "firebase-ios-sdk" */;
			productName = FirebaseAuth;
		};
		BCBEAF10298E7BF2008EE3FA /* FirebaseAuthCombine-Community */ = {
			isa = XCSwiftPackageProductDependency;
			package = BCBEAF09298E7BF2008EE3FA /* XCRemoteSwiftPackageReference "firebase-ios-sdk" */;
			productName = "FirebaseAuthCombine-Community";
		};
		BCBEAF12298E7BF2008EE3FA /* FirebaseCrashlytics */ = {
			isa = XCSwiftPackageProductDependency;
			package = BCBEAF09298E7BF2008EE3FA /* XCRemoteSwiftPackageReference "firebase-ios-sdk" */;
			productName = FirebaseCrashlytics;
		};
		BCBEAF14298E7BF2008EE3FA /* FirebaseDatabase */ = {
			isa = XCSwiftPackageProductDependency;
			package = BCBEAF09298E7BF2008EE3FA /* XCRemoteSwiftPackageReference "firebase-ios-sdk" */;
			productName = FirebaseDatabase;
		};
		BCBEAF16298E7BF2008EE3FA /* FirebaseDatabaseSwift */ = {
			isa = XCSwiftPackageProductDependency;
			package = BCBEAF09298E7BF2008EE3FA /* XCRemoteSwiftPackageReference "firebase-ios-sdk" */;
			productName = FirebaseDatabaseSwift;
		};
		BCBEAF18298E7BF2008EE3FA /* FirebaseFirestore */ = {
			isa = XCSwiftPackageProductDependency;
			package = BCBEAF09298E7BF2008EE3FA /* XCRemoteSwiftPackageReference "firebase-ios-sdk" */;
			productName = FirebaseFirestore;
		};
		BCBEAF1A298E7BF2008EE3FA /* FirebaseFirestoreCombine-Community */ = {
			isa = XCSwiftPackageProductDependency;
			package = BCBEAF09298E7BF2008EE3FA /* XCRemoteSwiftPackageReference "firebase-ios-sdk" */;
			productName = "FirebaseFirestoreCombine-Community";
		};
		BCBEAF1C298E7BF2008EE3FA /* FirebaseFirestoreSwift */ = {
			isa = XCSwiftPackageProductDependency;
			package = BCBEAF09298E7BF2008EE3FA /* XCRemoteSwiftPackageReference "firebase-ios-sdk" */;
			productName = FirebaseFirestoreSwift;
		};
		BCBEAF1E298E7BF2008EE3FA /* FirebaseStorage */ = {
			isa = XCSwiftPackageProductDependency;
			package = BCBEAF09298E7BF2008EE3FA /* XCRemoteSwiftPackageReference "firebase-ios-sdk" */;
			productName = FirebaseStorage;
		};
		BCBEAF20298E7BF2008EE3FA /* FirebaseStorageCombine-Community */ = {
			isa = XCSwiftPackageProductDependency;
			package = BCBEAF09298E7BF2008EE3FA /* XCRemoteSwiftPackageReference "firebase-ios-sdk" */;
			productName = "FirebaseStorageCombine-Community";
		};
/* End XCSwiftPackageProductDependency section */
	};
	rootObject = BC8ADF48298C729B00F8C84E /* Project object */;
}
